
Microsoft Visual Studio Solution File, Format Version 12.00
# Visual Studio Version 17
VisualStudioVersion = 17.9.34723.18
MinimumVisualStudioVersion = 10.0.40219.1
Project("{FAE04EC0-301F-11D3-BF4B-00C04F79EFBC}") = "StudentPerformance", "StudentPerformance\StudentPerformance.csproj", "{C197E58C-F4FD-4F78-A122-0FE41CD12C6F}"
EndProject
Project("{FAE04EC0-301F-11D3-BF4B-00C04F79EFBC}") = "Students.Business", "Student.Business\Students.Business.csproj", "{03FEC4A7-EB28-453D-8BB4-4BDADADF7D9D}"
EndProject
Project("{FAE04EC0-301F-11D3-BF4B-00C04F79EFBC}") = "Students.Entity", "Student.Entity\Students.Entity.csproj", "{10D5A9D6-FB17-4F5B-B615-6C4F499D2258}"
EndProject
Project("{FAE04EC0-301F-11D3-BF4B-00C04F79EFBC}") = "Students.Repository", "Student.Repository\Students.Repository.csproj", "{D3A946EB-24F5-4BA9-BCC6-235264BBA4DF}"
EndProject
Project("{FAE04EC0-301F-11D3-BF4B-00C04F79EFBC}") = "Students.ViewModel", "Student.ViewModel\Students.ViewModel.csproj", "{10B66E00-7E7A-4F30-A0FC-CA06BA6D67A7}"
EndProject
Global
	GlobalSection(SolutionConfigurationPlatforms) = preSolution
		Debug|Any CPU = Debug|Any CPU
		Release|Any CPU = Release|Any CPU
	EndGlobalSection
	GlobalSection(ProjectConfigurationPlatforms) = postSolution
		{C197E58C-F4FD-4F78-A122-0FE41CD12C6F}.Debug|Any CPU.ActiveCfg = Debug|Any CPU
		{C197E58C-F4FD-4F78-A122-0FE41CD12C6F}.Debug|Any CPU.Build.0 = Debug|Any CPU
		{C197E58C-F4FD-4F78-A122-0FE41CD12C6F}.Release|Any CPU.ActiveCfg = Release|Any CPU
		{C197E58C-F4FD-4F78-A122-0FE41CD12C6F}.Release|Any CPU.Build.0 = Release|Any CPU
		{03FEC4A7-EB28-453D-8BB4-4BDADADF7D9D}.Debug|Any CPU.ActiveCfg = Debug|Any CPU
		{03FEC4A7-EB28-453D-8BB4-4BDADADF7D9D}.Debug|Any CPU.Build.0 = Debug|Any CPU
		{03FEC4A7-EB28-453D-8BB4-4BDADADF7D9D}.Release|Any CPU.ActiveCfg = Release|Any CPU
		{03FEC4A7-EB28-453D-8BB4-4BDADADF7D9D}.Release|Any CPU.Build.0 = Release|Any CPU
		{10D5A9D6-FB17-4F5B-B615-6C4F499D2258}.Debug|Any CPU.ActiveCfg = Debug|Any CPU
		{10D5A9D6-FB17-4F5B-B615-6C4F499D2258}.Debug|Any CPU.Build.0 = Debug|Any CPU
		{10D5A9D6-FB17-4F5B-B615-6C4F499D2258}.Release|Any CPU.ActiveCfg = Release|Any CPU
		{10D5A9D6-FB17-4F5B-B615-6C4F499D2258}.Release|Any CPU.Build.0 = Release|Any CPU
		{D3A946EB-24F5-4BA9-BCC6-235264BBA4DF}.Debug|Any CPU.ActiveCfg = Debug|Any CPU
		{D3A946EB-24F5-4BA9-BCC6-235264BBA4DF}.Debug|Any CPU.Build.0 = Debug|Any CPU
		{D3A946EB-24F5-4BA9-BCC6-235264BBA4DF}.Release|Any CPU.ActiveCfg = Release|Any CPU
		{D3A946EB-24F5-4BA9-BCC6-235264BBA4DF}.Release|Any CPU.Build.0 = Release|Any CPU
		{10B66E00-7E7A-4F30-A0FC-CA06BA6D67A7}.Debug|Any CPU.ActiveCfg = Debug|Any CPU
		{10B66E00-7E7A-4F30-A0FC-CA06BA6D67A7}.Debug|Any CPU.Build.0 = Debug|Any CPU
		{10B66E00-7E7A-4F30-A0FC-CA06BA6D67A7}.Release|Any CPU.ActiveCfg = Release|Any CPU
		{10B66E00-7E7A-4F30-A0FC-CA06BA6D67A7}.Release|Any CPU.Build.0 = Release|Any CPU
	EndGlobalSection
	GlobalSection(SolutionProperties) = preSolution
		HideSolutionNode = FALSE
	EndGlobalSection
	GlobalSection(ExtensibilityGlobals) = postSolution
		SolutionGuid = {692C9B35-F593-40EB-B7A6-4362CEDF1D20}
	EndGlobalSection
EndGlobal
